
Microsoft Visual Studio Solution File, Format Version 12.00
# Visual Studio Version 16
VisualStudioVersion = 16.0.30717.126
MinimumVisualStudioVersion = 10.0.40219.1
Project("{FAE04EC0-301F-11D3-BF4B-00C04F79EFBC}") = "ThermostateV4", "ThermostateV4\ThermostateV4.csproj", "{3D274C8C-CC4D-419B-ACB5-3CD4A483F5B6}"
EndProject
Global
	GlobalSection(SolutionConfigurationPlatforms) = preSolution
		Debug|Any CPU = Debug|Any CPU
		Release|Any CPU = Release|Any CPU
	EndGlobalSection
	GlobalSection(ProjectConfigurationPlatforms) = postSolution
		{3D274C8C-CC4D-419B-ACB5-3CD4A483F5B6}.Debug|Any CPU.ActiveCfg = Debug|Any CPU
		{3D274C8C-CC4D-419B-ACB5-3CD4A483F5B6}.Debug|Any CPU.Build.0 = Debug|Any CPU
		{3D274C8C-CC4D-419B-ACB5-3CD4A483F5B6}.Release|Any CPU.ActiveCfg = Release|Any CPU
		{3D274C8C-CC4D-419B-ACB5-3CD4A483F5B6}.Release|Any CPU.Build.0 = Release|Any CPU
	EndGlobalSection
	GlobalSection(SolutionProperties) = preSolution
		HideSolutionNode = FALSE
	EndGlobalSection
	GlobalSection(ExtensibilityGlobals) = postSolution
		SolutionGuid = {9C5C3013-CDAE-4647-A16B-D084CEDC84CD}
	EndGlobalSection
EndGlobal
